// !$*UTF8*$!
{
	archiveVersion = 1;
	classes = {
	};
	objectVersion = 46;
	objects = {

/* Begin PBXBuildFile section */
		3CB12CCB1D43004C001B7488 /* AppDelegate.swift in Sources */ = {isa = PBXBuildFile; fileRef = 3CB12CCA1D43004C001B7488 /* AppDelegate.swift */; };
		3CB12CCE1D43004C001B7488 /* BlogReader.xcdatamodeld in Sources */ = {isa = PBXBuildFile; fileRef = 3CB12CCC1D43004C001B7488 /* BlogReader.xcdatamodeld */; };
		3CB12CD01D43004C001B7488 /* MasterViewController.swift in Sources */ = {isa = PBXBuildFile; fileRef = 3CB12CCF1D43004C001B7488 /* MasterViewController.swift */; };
		3CB12CD21D43004C001B7488 /* DetailViewController.swift in Sources */ = {isa = PBXBuildFile; fileRef = 3CB12CD11D43004C001B7488 /* DetailViewController.swift */; };
		3CB12CD51D43004C001B7488 /* Main.storyboard in Resources */ = {isa = PBXBuildFile; fileRef = 3CB12CD31D43004C001B7488 /* Main.storyboard */; };
		3CB12CD71D43004C001B7488 /* Assets.xcassets in Resources */ = {isa = PBXBuildFile; fileRef = 3CB12CD61D43004C001B7488 /* Assets.xcassets */; };
		3CB12CDA1D43004C001B7488 /* LaunchScreen.storyboard in Resources */ = {isa = PBXBuildFile; fileRef = 3CB12CD81D43004C001B7488 /* LaunchScreen.storyboard */; };
/* End PBXBuildFile section */

/* Begin PBXFileReference section */
		3CB12CC71D43004C001B7488 /* BlogReader.app */ = {isa = PBXFileReference; explicitFileType = wrapper.application; includeInIndex = 0; path = BlogReader.app; sourceTree = BUILT_PRODUCTS_DIR; };
		3CB12CCA1D43004C001B7488 /* AppDelegate.swift */ = {isa = PBXFileReference; lastKnownFileType = sourcecode.swift; path = AppDelegate.swift; sourceTree = "<group>"; };
		3CB12CCD1D43004C001B7488 /* BlogReader.xcdatamodel */ = {isa = PBXFileReference; lastKnownFileType = wrapper.xcdatamodel; path = BlogReader.xcdatamodel; sourceTree = "<group>"; };
		3CB12CCF1D43004C001B7488 /* MasterViewController.swift */ = {isa = PBXFileReference; lastKnownFileType = sourcecode.swift; path = MasterViewController.swift; sourceTree = "<group>"; };
		3CB12CD11D43004C001B7488 /* DetailViewController.swift */ = {isa = PBXFileReference; lastKnownFileType = sourcecode.swift; path = DetailViewController.swift; sourceTree = "<group>"; };
		3CB12CD41D43004C001B7488 /* Base */ = {isa = PBXFileReference; lastKnownFileType = file.storyboard; name = Base; path = Base.lproj/Main.storyboard; sourceTree = "<group>"; };
		3CB12CD61D43004C001B7488 /* Assets.xcassets */ = {isa = PBXFileReference; lastKnownFileType = folder.assetcatalog; path = Assets.xcassets; sourceTree = "<group>"; };
		3CB12CD91D43004C001B7488 /* Base */ = {isa = PBXFileReference; lastKnownFileType = file.storyboard; name = Base; path = Base.lproj/LaunchScreen.storyboard; sourceTree = "<group>"; };
		3CB12CDB1D43004C001B7488 /* Info.plist */ = {isa = PBXFileReference; lastKnownFileType = text.plist.xml; path = Info.plist; sourceTree = "<group>"; };
/* End PBXFileReference section */

/* Begin PBXFrameworksBuildPhase section */
		3CB12CC41D43004C001B7488 /* Frameworks */ = {
			isa = PBXFrameworksBuildPhase;
			buildActionMask = 2147483647;
			files = (
			);
			runOnlyForDeploymentPostprocessing = 0;
		};
/* End PBXFrameworksBuildPhase section */

/* Begin PBXGroup section */
		3CB12CBE1D43004C001B7488 = {
			isa = PBXGroup;
			children = (
				3CB12CC91D43004C001B7488 /* BlogReader */,
				3CB12CC81D43004C001B7488 /* Products */,
			);
			sourceTree = "<group>";
		};
		3CB12CC81D43004C001B7488 /* Products */ = {
			isa = PBXGroup;
			children = (
				3CB12CC71D43004C001B7488 /* BlogReader.app */,
			);
			name = Products;
			sourceTree = "<group>";
		};
		3CB12CC91D43004C001B7488 /* BlogReader */ = {
			isa = PBXGroup;
			children = (
				3CB12CCA1D43004C001B7488 /* AppDelegate.swift */,
				3CB12CCF1D43004C001B7488 /* MasterViewController.swift */,
				3CB12CD11D43004C001B7488 /* DetailViewController.swift */,
				3CB12CD31D43004C001B7488 /* Main.storyboard */,
				3CB12CD61D43004C001B7488 /* Assets.xcassets */,
				3CB12CD81D43004C001B7488 /* LaunchScreen.storyboard */,
				3CB12CDB1D43004C001B7488 /* Info.plist */,
				3CB12CCC1D43004C001B7488 /* BlogReader.xcdatamodeld */,
			);
			path = BlogReader;
			sourceTree = "<group>";
		};
/* End PBXGroup section */

/* Begin PBXNativeTarget section */
		3CB12CC61D43004C001B7488 /* BlogReader */ = {
			isa = PBXNativeTarget;
			buildConfigurationList = 3CB12CDE1D43004C001B7488 /* Build configuration list for PBXNativeTarget "BlogReader" */;
			buildPhases = (
				3CB12CC31D43004C001B7488 /* Sources */,
				3CB12CC41D43004C001B7488 /* Frameworks */,
				3CB12CC51D43004C001B7488 /* Resources */,
			);
			buildRules = (
			);
			dependencies = (
			);
			name = BlogReader;
			productName = BlogReader;
			productReference = 3CB12CC71D43004C001B7488 /* BlogReader.app */;
			productType = "com.apple.product-type.application";
		};
/* End PBXNativeTarget section */

/* Begin PBXProject section */
		3CB12CBF1D43004C001B7488 /* Project object */ = {
			isa = PBXProject;
			attributes = {
				LastSwiftUpdateCheck = 0730;
				LastUpgradeCheck = 0730;
				ORGANIZATIONNAME = "Sudeepth Dharavasthu";
				TargetAttributes = {
					3CB12CC61D43004C001B7488 = {
						CreatedOnToolsVersion = 7.3;
						DevelopmentTeam = XH9V2BHVJ7;
					};
				};
			};
			buildConfigurationList = 3CB12CC21D43004C001B7488 /* Build configuration list for PBXProject "BlogReader" */;
			compatibilityVersion = "Xcode 3.2";
			developmentRegion = English;
			hasScannedForEncodings = 0;
			knownRegions = (
				en,
				Base,
			);
			mainGroup = 3CB12CBE1D43004C001B7488;
			productRefGroup = 3CB12CC81D43004C001B7488 /* Products */;
			projectDirPath = "";
			projectRoot = "";
			targets = (
				3CB12CC61D43004C001B7488 /* BlogReader */,
			);
		};
/* End PBXProject section */

/* Begin PBXResourcesBuildPhase section */
		3CB12CC51D43004C001B7488 /* Resources */ = {
			isa = PBXResourcesBuildPhase;
			buildActionMask = 2147483647;
			files = (
				3CB12CDA1D43004C001B7488 /* LaunchScreen.storyboard in Resources */,
				3CB12CD71D43004C001B7488 /* Assets.xcassets in Resources */,
				3CB12CD51D43004C001B7488 /* Main.storyboard in Resources */,
			);
			runOnlyForDeploymentPostprocessing = 0;
		};
/* End PBXResourcesBuildPhase section */

/* Begin PBXSourcesBuildPhase section */
		3CB12CC31D43004C001B7488 /* Sources */ = {
			isa = PBXSourcesBuildPhase;
			buildActionMask = 2147483647;
			files = (
				3CB12CCE1D43004C001B7488 /* BlogReader.xcdatamodeld in Sources */,
				3CB12CCB1D43004C001B7488 /* AppDelegate.swift in Sources */,
				3CB12CD01D43004C001B7488 /* MasterViewController.swift in Sources */,
				3CB12CD21D43004C001B7488 /* DetailViewController.swift in Sources */,
			);
			runOnlyForDeploymentPostprocessing = 0;
		};
/* End PBXSourcesBuildPhase section */

/* Begin PBXVariantGroup section */
		3CB12CD31D43004C001B7488 /* Main.storyboard */ = {
			isa = PBXVariantGroup;
			children = (
				3CB12CD41D43004C001B7488 /* Base */,
			);
			name = Main.storyboard;
			sourceTree = "<group>";
		};
		3CB12CD81D43004C001B7488 /* LaunchScreen.storyboard */ = {
			isa = PBXVariantGroup;
			children = (
				3CB12CD91D43004C001B7488 /* Base */,
			);
			name = LaunchScreen.storyboard;
			sourceTree = "<group>";
		};
/* End PBXVariantGroup section */

/* Begin XCBuildConfiguration section */
		3CB12CDC1D43004C001B7488 /* Debug */ = {
			isa = XCBuildConfiguration;
			buildSettings = {
				ALWAYS_SEARCH_USER_PATHS = NO;
				CLANG_ANALYZER_NONNULL = YES;
				CLANG_CXX_LANGUAGE_STANDARD = "gnu++0x";
				CLANG_CXX_LIBRARY = "libc++";
				CLANG_ENABLE_MODULES = YES;
				CLANG_ENABLE_OBJC_ARC = YES;
				CLANG_WARN_BOOL_CONVERSION = YES;
				CLANG_WARN_CONSTANT_CONVERSION = YES;
				CLANG_WARN_DIRECT_OBJC_ISA_USAGE = YES_ERROR;
				CLANG_WARN_EMPTY_BODY = YES;
				CLANG_WARN_ENUM_CONVERSION = YES;
				CLANG_WARN_INT_CONVERSION = YES;
				CLANG_WARN_OBJC_ROOT_CLASS = YES_ERROR;
				CLANG_WARN_UNREACHABLE_CODE = YES;
				CLANG_WARN__DUPLICATE_METHOD_MATCH = YES;
				"CODE_SIGN_IDENTITY[sdk=iphoneos*]" = "iPhone Developer";
				COPY_PHASE_STRIP = NO;
				DEBUG_INFORMATION_FORMAT = dwarf;
				ENABLE_STRICT_OBJC_MSGSEND = YES;
				ENABLE_TESTABILITY = YES;
				GCC_C_LANGUAGE_STANDARD = gnu99;
				GCC_DYNAMIC_NO_PIC = NO;
				GCC_NO_COMMON_BLOCKS = YES;
				GCC_OPTIMIZATION_LEVEL = 0;
				GCC_PREPROCESSOR_DEFINITIONS = (
					"DEBUG=1",
					"$(inherited)",
				);
				GCC_WARN_64_TO_32_BIT_CONVERSION = YES;
				GCC_WARN_ABOUT_RETURN_TYPE = YES_ERROR;
				GCC_WARN_UNDECLARED_SELECTOR = YES;
				GCC_WARN_UNINITIALIZED_AUTOS = YES_AGGRESSIVE;
				GCC_WARN_UNUSED_FUNCTION = YES;
				GCC_WARN_UNUSED_VARIABLE = YES;
				IPHONEOS_DEPLOYMENT_TARGET = 9.3;
				MTL_ENABLE_DEBUG_INFO = YES;
				ONLY_ACTIVE_ARCH = YES;
				SDKROOT = iphoneos;
				SWIFT_OPTIMIZATION_LEVEL = "-Onone";
			};
			name = Debug;
		};
		3CB12CDD1D43004C001B7488 /* Release */ = {
			isa = XCBuildConfiguration;
			buildSettings = {
				ALWAYS_SEARCH_USER_PATHS = NO;
				CLANG_ANALYZER_NONNULL = YES;
				CLANG_CXX_LANGUAGE_STANDARD = "gnu++0x";
				CLANG_CXX_LIBRARY = "libc++";
				CLANG_ENABLE_MODULES = YES;
				CLANG_ENABLE_OBJC_ARC = YES;
				CLANG_WARN_BOOL_CONVERSION = YES;
				CLANG_WARN_CONSTANT_CONVERSION = YES;
				CLANG_WARN_DIRECT_OBJC_ISA_USAGE = YES_ERROR;
				CLANG_WARN_EMPTY_BODY = YES;
				CLANG_WARN_ENUM_CONVERSION = YES;
				CLANG_WARN_INT_CONVERSION = YES;
				CLANG_WARN_OBJC_ROOT_CLASS = YES_ERROR;
				CLANG_WARN_UNREACHABLE_CODE = YES;
				CLANG_WARN__DUPLICATE_METHOD_MATCH = YES;
				"CODE_SIGN_IDENTITY[sdk=iphoneos*]" = "iPhone Developer";
				COPY_PHASE_STRIP = NO;
				DEBUG_INFORMATION_FORMAT = "dwarf-with-dsym";
				ENABLE_NS_ASSERTIONS = NO;
				ENABLE_STRICT_OBJC_MSGSEND = YES;
				GCC_C_LANGUAGE_STANDARD = gnu99;
				GCC_NO_COMMON_BLOCKS = YES;
				GCC_WARN_64_TO_32_BIT_CONVERSION = YES;
				GCC_WARN_ABOUT_RETURN_TYPE = YES_ERROR;
				GCC_WARN_UNDECLARED_SELECTOR = YES;
				GCC_WARN_UNINITIALIZED_AUTOS = YES_AGGRESSIVE;
				GCC_WARN_UNUSED_FUNCTION = YES;
				GCC_WARN_UNUSED_VARIABLE = YES;
				IPHONEOS_DEPLOYMENT_TARGET = 9.3;
				MTL_ENABLE_DEBUG_INFO = NO;
				SDKROOT = iphoneos;
				VALIDATE_PRODUCT = YES;
			};
			name = Release;
		};
		3CB12CDF1D43004C001B7488 /* Debug */ = {
			isa = XCBuildConfiguration;
			buildSettings = {
				ASSETCATALOG_COMPILER_APPICON_NAME = AppIcon;
				INFOPLIST_FILE = BlogReader/Info.plist;
				LD_RUNPATH_SEARCH_PATHS = "$(inherited) @executable_path/Frameworks";
				PRODUCT_BUNDLE_IDENTIFIER = sandy.BlogReader;
				PRODUCT_NAME = "$(TARGET_NAME)";
			};
			name = Debug;
		};
		3CB12CE01D43004C001B7488 /* Release */ = {
			isa = XCBuildConfiguration;
			buildSettings = {
				ASSETCATALOG_COMPILER_APPICON_NAME = AppIcon;
				INFOPLIST_FILE = BlogReader/Info.plist;
				LD_RUNPATH_SEARCH_PATHS = "$(inherited) @executable_path/Frameworks";
				PRODUCT_BUNDLE_IDENTIFIER = sandy.BlogReader;
				PRODUCT_NAME = "$(TARGET_NAME)";
			};
			name = Release;
		};
/* End XCBuildConfiguration section */

/* Begin XCConfigurationList section */
		3CB12CC21D43004C001B7488 /* Build configuration list for PBXProject "BlogReader" */ = {
			isa = XCConfigurationList;
			buildConfigurations = (
				3CB12CDC1D43004C001B7488 /* Debug */,
				3CB12CDD1D43004C001B7488 /* Release */,
			);
			defaultConfigurationIsVisible = 0;
			defaultConfigurationName = Release;
		};
		3CB12CDE1D43004C001B7488 /* Build configuration list for PBXNativeTarget "BlogReader" */ = {
			isa = XCConfigurationList;
			buildConfigurations = (
				3CB12CDF1D43004C001B7488 /* Debug */,
				3CB12CE01D43004C001B7488 /* Release */,
			);
			defaultConfigurationIsVisible = 0;
		};
/* End XCConfigurationList section */

/* Begin XCVersionGroup section */
		3CB12CCC1D43004C001B7488 /* BlogReader.xcdatamodeld */ = {
			isa = XCVersionGroup;
			children = (
				3CB12CCD1D43004C001B7488 /* BlogReader.xcdatamodel */,
			);
			currentVersion = 3CB12CCD1D43004C001B7488 /* BlogReader.xcdatamodel */;
			path = BlogReader.xcdatamodeld;
			sourceTree = "<group>";
			versionGroupType = wrapper.xcdatamodel;
		};
/* End XCVersionGroup section */
	};
	rootObject = 3CB12CBF1D43004C001B7488 /* Project object */;
}
